
Microsoft Visual Studio Solution File, Format Version 12.00
# Visual Studio Version 16
VisualStudioVersion = 16.0.30621.155
MinimumVisualStudioVersion = 10.0.40219.1
Project("{FAE04EC0-301F-11D3-BF4B-00C04F79EFBC}") = "main", "main\main.csproj", "{A9A019D1-052F-4D68-8DE5-FE8D78895F9B}"
EndProject
Project("{54435603-DBB4-11D2-8724-00A0C9A8B90C}") = "E-Store Instalador", "E-Store Instalador\E-Store Instalador.vdproj", "{32D41735-7E0E-45CA-B0CA-DA97236D46A5}"
EndProject
Global
	GlobalSection(SolutionConfigurationPlatforms) = preSolution
		Debug|Any CPU = Debug|Any CPU
		Release|Any CPU = Release|Any CPU
	EndGlobalSection
	GlobalSection(ProjectConfigurationPlatforms) = postSolution
		{A9A019D1-052F-4D68-8DE5-FE8D78895F9B}.Debug|Any CPU.ActiveCfg = Debug|Any CPU
		{A9A019D1-052F-4D68-8DE5-FE8D78895F9B}.Debug|Any CPU.Build.0 = Debug|Any CPU
		{A9A019D1-052F-4D68-8DE5-FE8D78895F9B}.Release|Any CPU.ActiveCfg = Release|Any CPU
		{A9A019D1-052F-4D68-8DE5-FE8D78895F9B}.Release|Any CPU.Build.0 = Release|Any CPU
		{32D41735-7E0E-45CA-B0CA-DA97236D46A5}.Debug|Any CPU.ActiveCfg = Debug
		{32D41735-7E0E-45CA-B0CA-DA97236D46A5}.Release|Any CPU.ActiveCfg = Release
	EndGlobalSection
	GlobalSection(SolutionProperties) = preSolution
		HideSolutionNode = FALSE
	EndGlobalSection
	GlobalSection(ExtensibilityGlobals) = postSolution
		SolutionGuid = {5E4D9BD6-415A-4529-8F06-2D38F7846F2C}
	EndGlobalSection
EndGlobal
